// !$*UTF8*$!
{
	archiveVersion = 1;
	classes = {
	};
	objectVersion = 50;
	objects = {

/* Begin PBXBuildFile section */
		2B81FA9625632DCC0074C283 /* AppDelegate.swift in Sources */ = {isa = PBXBuildFile; fileRef = 2B81FA9525632DCC0074C283 /* AppDelegate.swift */; };
		2B81FA9825632DCC0074C283 /* SceneDelegate.swift in Sources */ = {isa = PBXBuildFile; fileRef = 2B81FA9725632DCC0074C283 /* SceneDelegate.swift */; };
		2B81FA9F25632DCF0074C283 /* Assets.xcassets in Resources */ = {isa = PBXBuildFile; fileRef = 2B81FA9E25632DCF0074C283 /* Assets.xcassets */; };
		2B81FAA225632DCF0074C283 /* LaunchScreen.storyboard in Resources */ = {isa = PBXBuildFile; fileRef = 2B81FAA025632DCF0074C283 /* LaunchScreen.storyboard */; };
		2B81FAAD25632DCF0074C283 /* FetchRewardsCodingExerciseTests.swift in Sources */ = {isa = PBXBuildFile; fileRef = 2B81FAAC25632DCF0074C283 /* FetchRewardsCodingExerciseTests.swift */; };
		2B81FAB825632DCF0074C283 /* FetchRewardsCodingExerciseUITests.swift in Sources */ = {isa = PBXBuildFile; fileRef = 2B81FAB725632DCF0074C283 /* FetchRewardsCodingExerciseUITests.swift */; };
		2B81FADD256335D00074C283 /* ItemsListVC.swift in Sources */ = {isa = PBXBuildFile; fileRef = 2B81FADB256335D00074C283 /* ItemsListVC.swift */; };
		2B81FAE6256336DC0074C283 /* ItemsListPresenter.swift in Sources */ = {isa = PBXBuildFile; fileRef = 2B81FAE5256336DC0074C283 /* ItemsListPresenter.swift */; };
		2B81FAEC25633C520074C283 /* ItemsListBuilder.swift in Sources */ = {isa = PBXBuildFile; fileRef = 2B81FAEB25633C520074C283 /* ItemsListBuilder.swift */; };
		2B81FAF125633EF00074C283 /* ItemsListInteractor.swift in Sources */ = {isa = PBXBuildFile; fileRef = 2B81FAF025633EF00074C283 /* ItemsListInteractor.swift */; };
/* End PBXBuildFile section */

/* Begin PBXContainerItemProxy section */
		2B81FAA925632DCF0074C283 /* PBXContainerItemProxy */ = {
			isa = PBXContainerItemProxy;
			containerPortal = 2B81FA8A25632DCB0074C283 /* Project object */;
			proxyType = 1;
			remoteGlobalIDString = 2B81FA9125632DCB0074C283;
			remoteInfo = FetchRewardsCodingExercise;
		};
		2B81FAB425632DCF0074C283 /* PBXContainerItemProxy */ = {
			isa = PBXContainerItemProxy;
			containerPortal = 2B81FA8A25632DCB0074C283 /* Project object */;
			proxyType = 1;
			remoteGlobalIDString = 2B81FA9125632DCB0074C283;
			remoteInfo = FetchRewardsCodingExercise;
		};
/* End PBXContainerItemProxy section */

/* Begin PBXFileReference section */
		2B81FA9225632DCC0074C283 /* FetchRewardsCodingExercise.app */ = {isa = PBXFileReference; explicitFileType = wrapper.application; includeInIndex = 0; path = FetchRewardsCodingExercise.app; sourceTree = BUILT_PRODUCTS_DIR; };
		2B81FA9525632DCC0074C283 /* AppDelegate.swift */ = {isa = PBXFileReference; lastKnownFileType = sourcecode.swift; path = AppDelegate.swift; sourceTree = "<group>"; };
		2B81FA9725632DCC0074C283 /* SceneDelegate.swift */ = {isa = PBXFileReference; lastKnownFileType = sourcecode.swift; path = SceneDelegate.swift; sourceTree = "<group>"; };
		2B81FA9E25632DCF0074C283 /* Assets.xcassets */ = {isa = PBXFileReference; lastKnownFileType = folder.assetcatalog; path = Assets.xcassets; sourceTree = "<group>"; };
		2B81FAA125632DCF0074C283 /* Base */ = {isa = PBXFileReference; lastKnownFileType = file.storyboard; name = Base; path = Base.lproj/LaunchScreen.storyboard; sourceTree = "<group>"; };
		2B81FAA325632DCF0074C283 /* Info.plist */ = {isa = PBXFileReference; lastKnownFileType = text.plist.xml; path = Info.plist; sourceTree = "<group>"; };
		2B81FAA825632DCF0074C283 /* FetchRewardsCodingExerciseTests.xctest */ = {isa = PBXFileReference; explicitFileType = wrapper.cfbundle; includeInIndex = 0; path = FetchRewardsCodingExerciseTests.xctest; sourceTree = BUILT_PRODUCTS_DIR; };
		2B81FAAC25632DCF0074C283 /* FetchRewardsCodingExerciseTests.swift */ = {isa = PBXFileReference; lastKnownFileType = sourcecode.swift; path = FetchRewardsCodingExerciseTests.swift; sourceTree = "<group>"; };
		2B81FAAE25632DCF0074C283 /* Info.plist */ = {isa = PBXFileReference; lastKnownFileType = text.plist.xml; path = Info.plist; sourceTree = "<group>"; };
		2B81FAB325632DCF0074C283 /* FetchRewardsCodingExerciseUITests.xctest */ = {isa = PBXFileReference; explicitFileType = wrapper.cfbundle; includeInIndex = 0; path = FetchRewardsCodingExerciseUITests.xctest; sourceTree = BUILT_PRODUCTS_DIR; };
		2B81FAB725632DCF0074C283 /* FetchRewardsCodingExerciseUITests.swift */ = {isa = PBXFileReference; lastKnownFileType = sourcecode.swift; path = FetchRewardsCodingExerciseUITests.swift; sourceTree = "<group>"; };
		2B81FAB925632DCF0074C283 /* Info.plist */ = {isa = PBXFileReference; lastKnownFileType = text.plist.xml; path = Info.plist; sourceTree = "<group>"; };
		2B81FADB256335D00074C283 /* ItemsListVC.swift */ = {isa = PBXFileReference; lastKnownFileType = sourcecode.swift; path = ItemsListVC.swift; sourceTree = "<group>"; };
		2B81FAE5256336DC0074C283 /* ItemsListPresenter.swift */ = {isa = PBXFileReference; lastKnownFileType = sourcecode.swift; path = ItemsListPresenter.swift; sourceTree = "<group>"; };
		2B81FAEB25633C520074C283 /* ItemsListBuilder.swift */ = {isa = PBXFileReference; lastKnownFileType = sourcecode.swift; path = ItemsListBuilder.swift; sourceTree = "<group>"; };
		2B81FAF025633EF00074C283 /* ItemsListInteractor.swift */ = {isa = PBXFileReference; lastKnownFileType = sourcecode.swift; path = ItemsListInteractor.swift; sourceTree = "<group>"; };
/* End PBXFileReference section */

/* Begin PBXFrameworksBuildPhase section */
		2B81FA8F25632DCB0074C283 /* Frameworks */ = {
			isa = PBXFrameworksBuildPhase;
			buildActionMask = 2147483647;
			files = (
			);
			runOnlyForDeploymentPostprocessing = 0;
		};
		2B81FAA525632DCF0074C283 /* Frameworks */ = {
			isa = PBXFrameworksBuildPhase;
			buildActionMask = 2147483647;
			files = (
			);
			runOnlyForDeploymentPostprocessing = 0;
		};
		2B81FAB025632DCF0074C283 /* Frameworks */ = {
			isa = PBXFrameworksBuildPhase;
			buildActionMask = 2147483647;
			files = (
			);
			runOnlyForDeploymentPostprocessing = 0;
		};
/* End PBXFrameworksBuildPhase section */

/* Begin PBXGroup section */
		2B81FA8925632DCB0074C283 = {
			isa = PBXGroup;
			children = (
				2B81FA9425632DCC0074C283 /* FetchRewardsCodingExercise */,
				2B81FAAB25632DCF0074C283 /* FetchRewardsCodingExerciseTests */,
				2B81FAB625632DCF0074C283 /* FetchRewardsCodingExerciseUITests */,
				2B81FA9325632DCC0074C283 /* Products */,
			);
			sourceTree = "<group>";
		};
		2B81FA9325632DCC0074C283 /* Products */ = {
			isa = PBXGroup;
			children = (
				2B81FA9225632DCC0074C283 /* FetchRewardsCodingExercise.app */,
				2B81FAA825632DCF0074C283 /* FetchRewardsCodingExerciseTests.xctest */,
				2B81FAB325632DCF0074C283 /* FetchRewardsCodingExerciseUITests.xctest */,
			);
			name = Products;
			sourceTree = "<group>";
		};
		2B81FA9425632DCC0074C283 /* FetchRewardsCodingExercise */ = {
			isa = PBXGroup;
			children = (
				2B81FACD2563339D0074C283 /* ItemsList */,
				2B81FA9525632DCC0074C283 /* AppDelegate.swift */,
				2B81FA9725632DCC0074C283 /* SceneDelegate.swift */,
				2B81FA9E25632DCF0074C283 /* Assets.xcassets */,
				2B81FAA025632DCF0074C283 /* LaunchScreen.storyboard */,
				2B81FAA325632DCF0074C283 /* Info.plist */,
			);
			path = FetchRewardsCodingExercise;
			sourceTree = "<group>";
		};
		2B81FAAB25632DCF0074C283 /* FetchRewardsCodingExerciseTests */ = {
			isa = PBXGroup;
			children = (
				2B81FAAC25632DCF0074C283 /* FetchRewardsCodingExerciseTests.swift */,
				2B81FAAE25632DCF0074C283 /* Info.plist */,
			);
			path = FetchRewardsCodingExerciseTests;
			sourceTree = "<group>";
		};
		2B81FAB625632DCF0074C283 /* FetchRewardsCodingExerciseUITests */ = {
			isa = PBXGroup;
			children = (
				2B81FAB725632DCF0074C283 /* FetchRewardsCodingExerciseUITests.swift */,
				2B81FAB925632DCF0074C283 /* Info.plist */,
			);
			path = FetchRewardsCodingExerciseUITests;
			sourceTree = "<group>";
		};
		2B81FACD2563339D0074C283 /* ItemsList */ = {
			isa = PBXGroup;
			children = (
				2B81FAEA25633C420074C283 /* Builder */,
				2B81FACE256333AE0074C283 /* View */,
				2B81FAD0256333C80074C283 /* Interactor */,
				2B81FACF256333B50074C283 /* Presenter */,
				2B81FAD1256333DA0074C283 /* Entity */,
			);
			path = ItemsList;
			sourceTree = "<group>";
		};
		2B81FACE256333AE0074C283 /* View */ = {
			isa = PBXGroup;
			children = (
				2B81FADB256335D00074C283 /* ItemsListVC.swift */,
			);
			path = View;
			sourceTree = "<group>";
		};
		2B81FACF256333B50074C283 /* Presenter */ = {
			isa = PBXGroup;
			children = (
				2B81FAE5256336DC0074C283 /* ItemsListPresenter.swift */,
			);
			path = Presenter;
			sourceTree = "<group>";
		};
		2B81FAD0256333C80074C283 /* Interactor */ = {
			isa = PBXGroup;
			children = (
				2B81FAF025633EF00074C283 /* ItemsListInteractor.swift */,
			);
			path = Interactor;
			sourceTree = "<group>";
		};
		2B81FAD1256333DA0074C283 /* Entity */ = {
			isa = PBXGroup;
			children = (
			);
			path = Entity;
			sourceTree = "<group>";
		};
		2B81FAEA25633C420074C283 /* Builder */ = {
			isa = PBXGroup;
			children = (
				2B81FAEB25633C520074C283 /* ItemsListBuilder.swift */,
			);
			path = Builder;
			sourceTree = "<group>";
		};
/* End PBXGroup section */

/* Begin PBXNativeTarget section */
		2B81FA9125632DCB0074C283 /* FetchRewardsCodingExercise */ = {
			isa = PBXNativeTarget;
			buildConfigurationList = 2B81FABC25632DCF0074C283 /* Build configuration list for PBXNativeTarget "FetchRewardsCodingExercise" */;
			buildPhases = (
				2B81FA8E25632DCB0074C283 /* Sources */,
				2B81FA8F25632DCB0074C283 /* Frameworks */,
				2B81FA9025632DCB0074C283 /* Resources */,
			);
			buildRules = (
			);
			dependencies = (
			);
			name = FetchRewardsCodingExercise;
			productName = FetchRewardsCodingExercise;
			productReference = 2B81FA9225632DCC0074C283 /* FetchRewardsCodingExercise.app */;
			productType = "com.apple.product-type.application";
		};
		2B81FAA725632DCF0074C283 /* FetchRewardsCodingExerciseTests */ = {
			isa = PBXNativeTarget;
			buildConfigurationList = 2B81FABF25632DCF0074C283 /* Build configuration list for PBXNativeTarget "FetchRewardsCodingExerciseTests" */;
			buildPhases = (
				2B81FAA425632DCF0074C283 /* Sources */,
				2B81FAA525632DCF0074C283 /* Frameworks */,
				2B81FAA625632DCF0074C283 /* Resources */,
			);
			buildRules = (
			);
			dependencies = (
				2B81FAAA25632DCF0074C283 /* PBXTargetDependency */,
			);
			name = FetchRewardsCodingExerciseTests;
			productName = FetchRewardsCodingExerciseTests;
			productReference = 2B81FAA825632DCF0074C283 /* FetchRewardsCodingExerciseTests.xctest */;
			productType = "com.apple.product-type.bundle.unit-test";
		};
		2B81FAB225632DCF0074C283 /* FetchRewardsCodingExerciseUITests */ = {
			isa = PBXNativeTarget;
			buildConfigurationList = 2B81FAC225632DCF0074C283 /* Build configuration list for PBXNativeTarget "FetchRewardsCodingExerciseUITests" */;
			buildPhases = (
				2B81FAAF25632DCF0074C283 /* Sources */,
				2B81FAB025632DCF0074C283 /* Frameworks */,
				2B81FAB125632DCF0074C283 /* Resources */,
			);
			buildRules = (
			);
			dependencies = (
				2B81FAB525632DCF0074C283 /* PBXTargetDependency */,
			);
			name = FetchRewardsCodingExerciseUITests;
			productName = FetchRewardsCodingExerciseUITests;
			productReference = 2B81FAB325632DCF0074C283 /* FetchRewardsCodingExerciseUITests.xctest */;
			productType = "com.apple.product-type.bundle.ui-testing";
		};
/* End PBXNativeTarget section */

/* Begin PBXProject section */
		2B81FA8A25632DCB0074C283 /* Project object */ = {
			isa = PBXProject;
			attributes = {
				LastSwiftUpdateCheck = 1220;
				LastUpgradeCheck = 1220;
				TargetAttributes = {
					2B81FA9125632DCB0074C283 = {
						CreatedOnToolsVersion = 12.2;
					};
					2B81FAA725632DCF0074C283 = {
						CreatedOnToolsVersion = 12.2;
						TestTargetID = 2B81FA9125632DCB0074C283;
					};
					2B81FAB225632DCF0074C283 = {
						CreatedOnToolsVersion = 12.2;
						TestTargetID = 2B81FA9125632DCB0074C283;
					};
				};
			};
			buildConfigurationList = 2B81FA8D25632DCB0074C283 /* Build configuration list for PBXProject "FetchRewardsCodingExercise" */;
			compatibilityVersion = "Xcode 9.3";
			developmentRegion = en;
			hasScannedForEncodings = 0;
			knownRegions = (
				en,
				Base,
			);
			mainGroup = 2B81FA8925632DCB0074C283;
			productRefGroup = 2B81FA9325632DCC0074C283 /* Products */;
			projectDirPath = "";
			projectRoot = "";
			targets = (
				2B81FA9125632DCB0074C283 /* FetchRewardsCodingExercise */,
				2B81FAA725632DCF0074C283 /* FetchRewardsCodingExerciseTests */,
				2B81FAB225632DCF0074C283 /* FetchRewardsCodingExerciseUITests */,
			);
		};
/* End PBXProject section */

/* Begin PBXResourcesBuildPhase section */
		2B81FA9025632DCB0074C283 /* Resources */ = {
			isa = PBXResourcesBuildPhase;
			buildActionMask = 2147483647;
			files = (
				2B81FAA225632DCF0074C283 /* LaunchScreen.storyboard in Resources */,
				2B81FA9F25632DCF0074C283 /* Assets.xcassets in Resources */,
			);
			runOnlyForDeploymentPostprocessing = 0;
		};
		2B81FAA625632DCF0074C283 /* Resources */ = {
			isa = PBXResourcesBuildPhase;
			buildActionMask = 2147483647;
			files = (
			);
			runOnlyForDeploymentPostprocessing = 0;
		};
		2B81FAB125632DCF0074C283 /* Resources */ = {
			isa = PBXResourcesBuildPhase;
			buildActionMask = 2147483647;
			files = (
			);
			runOnlyForDeploymentPostprocessing = 0;
		};
/* End PBXResourcesBuildPhase section */

/* Begin PBXSourcesBuildPhase section */
		2B81FA8E25632DCB0074C283 /* Sources */ = {
			isa = PBXSourcesBuildPhase;
			buildActionMask = 2147483647;
			files = (
				2B81FA9625632DCC0074C283 /* AppDelegate.swift in Sources */,
				2B81FAE6256336DC0074C283 /* ItemsListPresenter.swift in Sources */,
				2B81FAEC25633C520074C283 /* ItemsListBuilder.swift in Sources */,
				2B81FAF125633EF00074C283 /* ItemsListInteractor.swift in Sources */,
				2B81FA9825632DCC0074C283 /* SceneDelegate.swift in Sources */,
				2B81FADD256335D00074C283 /* ItemsListVC.swift in Sources */,
			);
			runOnlyForDeploymentPostprocessing = 0;
		};
		2B81FAA425632DCF0074C283 /* Sources */ = {
			isa = PBXSourcesBuildPhase;
			buildActionMask = 2147483647;
			files = (
				2B81FAAD25632DCF0074C283 /* FetchRewardsCodingExerciseTests.swift in Sources */,
			);
			runOnlyForDeploymentPostprocessing = 0;
		};
		2B81FAAF25632DCF0074C283 /* Sources */ = {
			isa = PBXSourcesBuildPhase;
			buildActionMask = 2147483647;
			files = (
				2B81FAB825632DCF0074C283 /* FetchRewardsCodingExerciseUITests.swift in Sources */,
			);
			runOnlyForDeploymentPostprocessing = 0;
		};
/* End PBXSourcesBuildPhase section */

/* Begin PBXTargetDependency section */
		2B81FAAA25632DCF0074C283 /* PBXTargetDependency */ = {
			isa = PBXTargetDependency;
			target = 2B81FA9125632DCB0074C283 /* FetchRewardsCodingExercise */;
			targetProxy = 2B81FAA925632DCF0074C283 /* PBXContainerItemProxy */;
		};
		2B81FAB525632DCF0074C283 /* PBXTargetDependency */ = {
			isa = PBXTargetDependency;
			target = 2B81FA9125632DCB0074C283 /* FetchRewardsCodingExercise */;
			targetProxy = 2B81FAB425632DCF0074C283 /* PBXContainerItemProxy */;
		};
/* End PBXTargetDependency section */

/* Begin PBXVariantGroup section */
		2B81FAA025632DCF0074C283 /* LaunchScreen.storyboard */ = {
			isa = PBXVariantGroup;
			children = (
				2B81FAA125632DCF0074C283 /* Base */,
			);
			name = LaunchScreen.storyboard;
			sourceTree = "<group>";
		};
/* End PBXVariantGroup section */

/* Begin XCBuildConfiguration section */
		2B81FABA25632DCF0074C283 /* Debug */ = {
			isa = XCBuildConfiguration;
			buildSettings = {
				ALWAYS_SEARCH_USER_PATHS = NO;
				CLANG_ANALYZER_NONNULL = YES;
				CLANG_ANALYZER_NUMBER_OBJECT_CONVERSION = YES_AGGRESSIVE;
				CLANG_CXX_LANGUAGE_STANDARD = "gnu++14";
				CLANG_CXX_LIBRARY = "libc++";
				CLANG_ENABLE_MODULES = YES;
				CLANG_ENABLE_OBJC_ARC = YES;
				CLANG_ENABLE_OBJC_WEAK = YES;
				CLANG_WARN_BLOCK_CAPTURE_AUTORELEASING = YES;
				CLANG_WARN_BOOL_CONVERSION = YES;
				CLANG_WARN_COMMA = YES;
				CLANG_WARN_CONSTANT_CONVERSION = YES;
				CLANG_WARN_DEPRECATED_OBJC_IMPLEMENTATIONS = YES;
				CLANG_WARN_DIRECT_OBJC_ISA_USAGE = YES_ERROR;
				CLANG_WARN_DOCUMENTATION_COMMENTS = YES;
				CLANG_WARN_EMPTY_BODY = YES;
				CLANG_WARN_ENUM_CONVERSION = YES;
				CLANG_WARN_INFINITE_RECURSION = YES;
				CLANG_WARN_INT_CONVERSION = YES;
				CLANG_WARN_NON_LITERAL_NULL_CONVERSION = YES;
				CLANG_WARN_OBJC_IMPLICIT_RETAIN_SELF = YES;
				CLANG_WARN_OBJC_LITERAL_CONVERSION = YES;
				CLANG_WARN_OBJC_ROOT_CLASS = YES_ERROR;
				CLANG_WARN_QUOTED_INCLUDE_IN_FRAMEWORK_HEADER = YES;
				CLANG_WARN_RANGE_LOOP_ANALYSIS = YES;
				CLANG_WARN_STRICT_PROTOTYPES = YES;
				CLANG_WARN_SUSPICIOUS_MOVE = YES;
				CLANG_WARN_UNGUARDED_AVAILABILITY = YES_AGGRESSIVE;
				CLANG_WARN_UNREACHABLE_CODE = YES;
				CLANG_WARN__DUPLICATE_METHOD_MATCH = YES;
				COPY_PHASE_STRIP = NO;
				DEBUG_INFORMATION_FORMAT = dwarf;
				ENABLE_STRICT_OBJC_MSGSEND = YES;
				ENABLE_TESTABILITY = YES;
				GCC_C_LANGUAGE_STANDARD = gnu11;
				GCC_DYNAMIC_NO_PIC = NO;
				GCC_NO_COMMON_BLOCKS = YES;
				GCC_OPTIMIZATION_LEVEL = 0;
				GCC_PREPROCESSOR_DEFINITIONS = (
					"DEBUG=1",
					"$(inherited)",
				);
				GCC_WARN_64_TO_32_BIT_CONVERSION = YES;
				GCC_WARN_ABOUT_RETURN_TYPE = YES_ERROR;
				GCC_WARN_UNDECLARED_SELECTOR = YES;
				GCC_WARN_UNINITIALIZED_AUTOS = YES_AGGRESSIVE;
				GCC_WARN_UNUSED_FUNCTION = YES;
				GCC_WARN_UNUSED_VARIABLE = YES;
				IPHONEOS_DEPLOYMENT_TARGET = 14.2;
				MTL_ENABLE_DEBUG_INFO = INCLUDE_SOURCE;
				MTL_FAST_MATH = YES;
				ONLY_ACTIVE_ARCH = YES;
				SDKROOT = iphoneos;
				SWIFT_ACTIVE_COMPILATION_CONDITIONS = DEBUG;
				SWIFT_OPTIMIZATION_LEVEL = "-Onone";
			};
			name = Debug;
		};
		2B81FABB25632DCF0074C283 /* Release */ = {
			isa = XCBuildConfiguration;
			buildSettings = {
				ALWAYS_SEARCH_USER_PATHS = NO;
				CLANG_ANALYZER_NONNULL = YES;
				CLANG_ANALYZER_NUMBER_OBJECT_CONVERSION = YES_AGGRESSIVE;
				CLANG_CXX_LANGUAGE_STANDARD = "gnu++14";
				CLANG_CXX_LIBRARY = "libc++";
				CLANG_ENABLE_MODULES = YES;
				CLANG_ENABLE_OBJC_ARC = YES;
				CLANG_ENABLE_OBJC_WEAK = YES;
				CLANG_WARN_BLOCK_CAPTURE_AUTORELEASING = YES;
				CLANG_WARN_BOOL_CONVERSION = YES;
				CLANG_WARN_COMMA = YES;
				CLANG_WARN_CONSTANT_CONVERSION = YES;
				CLANG_WARN_DEPRECATED_OBJC_IMPLEMENTATIONS = YES;
				CLANG_WARN_DIRECT_OBJC_ISA_USAGE = YES_ERROR;
				CLANG_WARN_DOCUMENTATION_COMMENTS = YES;
				CLANG_WARN_EMPTY_BODY = YES;
				CLANG_WARN_ENUM_CONVERSION = YES;
				CLANG_WARN_INFINITE_RECURSION = YES;
				CLANG_WARN_INT_CONVERSION = YES;
				CLANG_WARN_NON_LITERAL_NULL_CONVERSION = YES;
				CLANG_WARN_OBJC_IMPLICIT_RETAIN_SELF = YES;
				CLANG_WARN_OBJC_LITERAL_CONVERSION = YES;
				CLANG_WARN_OBJC_ROOT_CLASS = YES_ERROR;
				CLANG_WARN_QUOTED_INCLUDE_IN_FRAMEWORK_HEADER = YES;
				CLANG_WARN_RANGE_LOOP_ANALYSIS = YES;
				CLANG_WARN_STRICT_PROTOTYPES = YES;
				CLANG_WARN_SUSPICIOUS_MOVE = YES;
				CLANG_WARN_UNGUARDED_AVAILABILITY = YES_AGGRESSIVE;
				CLANG_WARN_UNREACHABLE_CODE = YES;
				CLANG_WARN__DUPLICATE_METHOD_MATCH = YES;
				COPY_PHASE_STRIP = NO;
				DEBUG_INFORMATION_FORMAT = "dwarf-with-dsym";
				ENABLE_NS_ASSERTIONS = NO;
				ENABLE_STRICT_OBJC_MSGSEND = YES;
				GCC_C_LANGUAGE_STANDARD = gnu11;
				GCC_NO_COMMON_BLOCKS = YES;
				GCC_WARN_64_TO_32_BIT_CONVERSION = YES;
				GCC_WARN_ABOUT_RETURN_TYPE = YES_ERROR;
				GCC_WARN_UNDECLARED_SELECTOR = YES;
				GCC_WARN_UNINITIALIZED_AUTOS = YES_AGGRESSIVE;
				GCC_WARN_UNUSED_FUNCTION = YES;
				GCC_WARN_UNUSED_VARIABLE = YES;
				IPHONEOS_DEPLOYMENT_TARGET = 14.2;
				MTL_ENABLE_DEBUG_INFO = NO;
				MTL_FAST_MATH = YES;
				SDKROOT = iphoneos;
				SWIFT_COMPILATION_MODE = wholemodule;
				SWIFT_OPTIMIZATION_LEVEL = "-O";
				VALIDATE_PRODUCT = YES;
			};
			name = Release;
		};
		2B81FABD25632DCF0074C283 /* Debug */ = {
			isa = XCBuildConfiguration;
			buildSettings = {
				ASSETCATALOG_COMPILER_APPICON_NAME = AppIcon;
				ASSETCATALOG_COMPILER_GLOBAL_ACCENT_COLOR_NAME = AccentColor;
				CODE_SIGN_STYLE = Automatic;
				DEVELOPMENT_TEAM = EHKQGN5358;
				INFOPLIST_FILE = FetchRewardsCodingExercise/Info.plist;
				LD_RUNPATH_SEARCH_PATHS = (
					"$(inherited)",
					"@executable_path/Frameworks",
				);
				PRODUCT_BUNDLE_IDENTIFIER = com.vandanpatel.FetchRewardsCodingExercise;
				PRODUCT_NAME = "$(TARGET_NAME)";
				SWIFT_VERSION = 5.0;
				TARGETED_DEVICE_FAMILY = "1,2";
			};
			name = Debug;
		};
		2B81FABE25632DCF0074C283 /* Release */ = {
			isa = XCBuildConfiguration;
			buildSettings = {
				ASSETCATALOG_COMPILER_APPICON_NAME = AppIcon;
				ASSETCATALOG_COMPILER_GLOBAL_ACCENT_COLOR_NAME = AccentColor;
				CODE_SIGN_STYLE = Automatic;
				DEVELOPMENT_TEAM = EHKQGN5358;
				INFOPLIST_FILE = FetchRewardsCodingExercise/Info.plist;
				LD_RUNPATH_SEARCH_PATHS = (
					"$(inherited)",
					"@executable_path/Frameworks",
				);
				PRODUCT_BUNDLE_IDENTIFIER = com.vandanpatel.FetchRewardsCodingExercise;
				PRODUCT_NAME = "$(TARGET_NAME)";
				SWIFT_VERSION = 5.0;
				TARGETED_DEVICE_FAMILY = "1,2";
			};
			name = Release;
		};
		2B81FAC025632DCF0074C283 /* Debug */ = {
			isa = XCBuildConfiguration;
			buildSettings = {
				ALWAYS_EMBED_SWIFT_STANDARD_LIBRARIES = YES;
				BUNDLE_LOADER = "$(TEST_HOST)";
				CODE_SIGN_STYLE = Automatic;
				DEVELOPMENT_TEAM = EHKQGN5358;
				INFOPLIST_FILE = FetchRewardsCodingExerciseTests/Info.plist;
				IPHONEOS_DEPLOYMENT_TARGET = 14.2;
				LD_RUNPATH_SEARCH_PATHS = (
					"$(inherited)",
					"@executable_path/Frameworks",
					"@loader_path/Frameworks",
				);
				PRODUCT_BUNDLE_IDENTIFIER = com.vandanpatel.FetchRewardsCodingExerciseTests;
				PRODUCT_NAME = "$(TARGET_NAME)";
				SWIFT_VERSION = 5.0;
				TARGETED_DEVICE_FAMILY = "1,2";
				TEST_HOST = "$(BUILT_PRODUCTS_DIR)/FetchRewardsCodingExercise.app/FetchRewardsCodingExercise";
			};
			name = Debug;
		};
		2B81FAC125632DCF0074C283 /* Release */ = {
			isa = XCBuildConfiguration;
			buildSettings = {
				ALWAYS_EMBED_SWIFT_STANDARD_LIBRARIES = YES;
				BUNDLE_LOADER = "$(TEST_HOST)";
				CODE_SIGN_STYLE = Automatic;
				DEVELOPMENT_TEAM = EHKQGN5358;
				INFOPLIST_FILE = FetchRewardsCodingExerciseTests/Info.plist;
				IPHONEOS_DEPLOYMENT_TARGET = 14.2;
				LD_RUNPATH_SEARCH_PATHS = (
					"$(inherited)",
					"@executable_path/Frameworks",
					"@loader_path/Frameworks",
				);
				PRODUCT_BUNDLE_IDENTIFIER = com.vandanpatel.FetchRewardsCodingExerciseTests;
				PRODUCT_NAME = "$(TARGET_NAME)";
				SWIFT_VERSION = 5.0;
				TARGETED_DEVICE_FAMILY = "1,2";
				TEST_HOST = "$(BUILT_PRODUCTS_DIR)/FetchRewardsCodingExercise.app/FetchRewardsCodingExercise";
			};
			name = Release;
		};
		2B81FAC325632DCF0074C283 /* Debug */ = {
			isa = XCBuildConfiguration;
			buildSettings = {
				ALWAYS_EMBED_SWIFT_STANDARD_LIBRARIES = YES;
				CODE_SIGN_STYLE = Automatic;
				DEVELOPMENT_TEAM = EHKQGN5358;
				INFOPLIST_FILE = FetchRewardsCodingExerciseUITests/Info.plist;
				LD_RUNPATH_SEARCH_PATHS = (
					"$(inherited)",
					"@executable_path/Frameworks",
					"@loader_path/Frameworks",
				);
				PRODUCT_BUNDLE_IDENTIFIER = com.vandanpatel.FetchRewardsCodingExerciseUITests;
				PRODUCT_NAME = "$(TARGET_NAME)";
				SWIFT_VERSION = 5.0;
				TARGETED_DEVICE_FAMILY = "1,2";
				TEST_TARGET_NAME = FetchRewardsCodingExercise;
			};
			name = Debug;
		};
		2B81FAC425632DCF0074C283 /* Release */ = {
			isa = XCBuildConfiguration;
			buildSettings = {
				ALWAYS_EMBED_SWIFT_STANDARD_LIBRARIES = YES;
				CODE_SIGN_STYLE = Automatic;
				DEVELOPMENT_TEAM = EHKQGN5358;
				INFOPLIST_FILE = FetchRewardsCodingExerciseUITests/Info.plist;
				LD_RUNPATH_SEARCH_PATHS = (
					"$(inherited)",
					"@executable_path/Frameworks",
					"@loader_path/Frameworks",
				);
				PRODUCT_BUNDLE_IDENTIFIER = com.vandanpatel.FetchRewardsCodingExerciseUITests;
				PRODUCT_NAME = "$(TARGET_NAME)";
				SWIFT_VERSION = 5.0;
				TARGETED_DEVICE_FAMILY = "1,2";
				TEST_TARGET_NAME = FetchRewardsCodingExercise;
			};
			name = Release;
		};
/* End XCBuildConfiguration section */

/* Begin XCConfigurationList section */
		2B81FA8D25632DCB0074C283 /* Build configuration list for PBXProject "FetchRewardsCodingExercise" */ = {
			isa = XCConfigurationList;
			buildConfigurations = (
				2B81FABA25632DCF0074C283 /* Debug */,
				2B81FABB25632DCF0074C283 /* Release */,
			);
			defaultConfigurationIsVisible = 0;
			defaultConfigurationName = Release;
		};
		2B81FABC25632DCF0074C283 /* Build configuration list for PBXNativeTarget "FetchRewardsCodingExercise" */ = {
			isa = XCConfigurationList;
			buildConfigurations = (
				2B81FABD25632DCF0074C283 /* Debug */,
				2B81FABE25632DCF0074C283 /* Release */,
			);
			defaultConfigurationIsVisible = 0;
			defaultConfigurationName = Release;
		};
		2B81FABF25632DCF0074C283 /* Build configuration list for PBXNativeTarget "FetchRewardsCodingExerciseTests" */ = {
			isa = XCConfigurationList;
			buildConfigurations = (
				2B81FAC025632DCF0074C283 /* Debug */,
				2B81FAC125632DCF0074C283 /* Release */,
			);
			defaultConfigurationIsVisible = 0;
			defaultConfigurationName = Release;
		};
		2B81FAC225632DCF0074C283 /* Build configuration list for PBXNativeTarget "FetchRewardsCodingExerciseUITests" */ = {
			isa = XCConfigurationList;
			buildConfigurations = (
				2B81FAC325632DCF0074C283 /* Debug */,
				2B81FAC425632DCF0074C283 /* Release */,
			);
			defaultConfigurationIsVisible = 0;
			defaultConfigurationName = Release;
		};
/* End XCConfigurationList section */
	};
	rootObject = 2B81FA8A25632DCB0074C283 /* Project object */;
}
